// !$*UTF8*$!
{
	archiveVersion = 1;
	classes = {
	};
	objectVersion = 48;
	objects = {

/* Begin PBXBuildFile section */
		0C7175B4D56C346564787F24 /* libPods-JZT_ZDDSTests.a in Frameworks */ = {isa = PBXBuildFile; fileRef = E216AF09D18C0F11E92A44B5 /* libPods-JZT_ZDDSTests.a */; };
		5E93665A200C4E0E003AB1C5 /* AppDelegate.m in Sources */ = {isa = PBXBuildFile; fileRef = 5E936659200C4E0E003AB1C5 /* AppDelegate.m */; };
		5E93665D200C4E0E003AB1C5 /* ViewController.m in Sources */ = {isa = PBXBuildFile; fileRef = 5E93665C200C4E0E003AB1C5 /* ViewController.m */; };
		5E936660200C4E0E003AB1C5 /* Main.storyboard in Resources */ = {isa = PBXBuildFile; fileRef = 5E93665E200C4E0E003AB1C5 /* Main.storyboard */; };
		5E936662200C4E0E003AB1C5 /* Assets.xcassets in Resources */ = {isa = PBXBuildFile; fileRef = 5E936661200C4E0E003AB1C5 /* Assets.xcassets */; };
		5E936665200C4E0E003AB1C5 /* LaunchScreen.storyboard in Resources */ = {isa = PBXBuildFile; fileRef = 5E936663200C4E0E003AB1C5 /* LaunchScreen.storyboard */; };
		5E936668200C4E0E003AB1C5 /* main.m in Sources */ = {isa = PBXBuildFile; fileRef = 5E936667200C4E0E003AB1C5 /* main.m */; };
		5E936672200C4E0E003AB1C5 /* JZT_ZDDSTests.m in Sources */ = {isa = PBXBuildFile; fileRef = 5E936671200C4E0E003AB1C5 /* JZT_ZDDSTests.m */; };
		5E93667D200C4E0E003AB1C5 /* JZT_ZDDSUITests.m in Sources */ = {isa = PBXBuildFile; fileRef = 5E93667C200C4E0E003AB1C5 /* JZT_ZDDSUITests.m */; };
		5E936698200C598B003AB1C5 /* CCBaseViewController.m in Sources */ = {isa = PBXBuildFile; fileRef = 5E936697200C598B003AB1C5 /* CCBaseViewController.m */; };
		5E93669B200C59B0003AB1C5 /* CCButton.m in Sources */ = {isa = PBXBuildFile; fileRef = 5E93669A200C59B0003AB1C5 /* CCButton.m */; };
		5E93669E200C59C2003AB1C5 /* CCLabel.m in Sources */ = {isa = PBXBuildFile; fileRef = 5E93669D200C59C2003AB1C5 /* CCLabel.m */; };
		5E9366A4200C7C94003AB1C5 /* CCNavigationController.m in Sources */ = {isa = PBXBuildFile; fileRef = 5E9366A3200C7C94003AB1C5 /* CCNavigationController.m */; };
		5E9366AB200C8681003AB1C5 /* MainViewController.m in Sources */ = {isa = PBXBuildFile; fileRef = 5E9366AA200C8681003AB1C5 /* MainViewController.m */; };
		B895F3785D7C39AF4B9442D0 /* libPods-JZT_ZDDSUITests.a in Frameworks */ = {isa = PBXBuildFile; fileRef = F0B75C8E6EAE0988A7657536 /* libPods-JZT_ZDDSUITests.a */; };
		BF86C6EC76ACA7697B876BD9 /* libPods-JZT_ZDDS.a in Frameworks */ = {isa = PBXBuildFile; fileRef = 99B4078D0D75C4A94341861A /* libPods-JZT_ZDDS.a */; };
/* End PBXBuildFile section */

/* Begin PBXContainerItemProxy section */
		5E93666E200C4E0E003AB1C5 /* PBXContainerItemProxy */ = {
			isa = PBXContainerItemProxy;
			containerPortal = 5E93664D200C4E0D003AB1C5 /* Project object */;
			proxyType = 1;
			remoteGlobalIDString = 5E936654200C4E0E003AB1C5;
			remoteInfo = JZT_ZDDS;
		};
		5E936679200C4E0E003AB1C5 /* PBXContainerItemProxy */ = {
			isa = PBXContainerItemProxy;
			containerPortal = 5E93664D200C4E0D003AB1C5 /* Project object */;
			proxyType = 1;
			remoteGlobalIDString = 5E936654200C4E0E003AB1C5;
			remoteInfo = JZT_ZDDS;
		};
/* End PBXContainerItemProxy section */

/* Begin PBXFileReference section */
		0CD3D1AECF777E8678FDC09D /* Pods-JZT_ZDDSTests.release.xcconfig */ = {isa = PBXFileReference; includeInIndex = 1; lastKnownFileType = text.xcconfig; name = "Pods-JZT_ZDDSTests.release.xcconfig"; path = "Pods/Target Support Files/Pods-JZT_ZDDSTests/Pods-JZT_ZDDSTests.release.xcconfig"; sourceTree = "<group>"; };
		10D09BE40F93165C24BC5EF3 /* Pods-JZT_ZDDS.debug.xcconfig */ = {isa = PBXFileReference; includeInIndex = 1; lastKnownFileType = text.xcconfig; name = "Pods-JZT_ZDDS.debug.xcconfig"; path = "Pods/Target Support Files/Pods-JZT_ZDDS/Pods-JZT_ZDDS.debug.xcconfig"; sourceTree = "<group>"; };
		2F40ED7492377D5E1BFAC6F0 /* Pods-JZT_ZDDSUITests.debug.xcconfig */ = {isa = PBXFileReference; includeInIndex = 1; lastKnownFileType = text.xcconfig; name = "Pods-JZT_ZDDSUITests.debug.xcconfig"; path = "Pods/Target Support Files/Pods-JZT_ZDDSUITests/Pods-JZT_ZDDSUITests.debug.xcconfig"; sourceTree = "<group>"; };
		30E6893601E29B5AAEF7CCC8 /* Pods-JZT_ZDDSTests.debug.xcconfig */ = {isa = PBXFileReference; includeInIndex = 1; lastKnownFileType = text.xcconfig; name = "Pods-JZT_ZDDSTests.debug.xcconfig"; path = "Pods/Target Support Files/Pods-JZT_ZDDSTests/Pods-JZT_ZDDSTests.debug.xcconfig"; sourceTree = "<group>"; };
		5E936655200C4E0E003AB1C5 /* JZT_ZDDS.app */ = {isa = PBXFileReference; explicitFileType = wrapper.application; includeInIndex = 0; path = JZT_ZDDS.app; sourceTree = BUILT_PRODUCTS_DIR; };
		5E936658200C4E0E003AB1C5 /* AppDelegate.h */ = {isa = PBXFileReference; lastKnownFileType = sourcecode.c.h; path = AppDelegate.h; sourceTree = "<group>"; };
		5E936659200C4E0E003AB1C5 /* AppDelegate.m */ = {isa = PBXFileReference; lastKnownFileType = sourcecode.c.objc; path = AppDelegate.m; sourceTree = "<group>"; };
		5E93665B200C4E0E003AB1C5 /* ViewController.h */ = {isa = PBXFileReference; lastKnownFileType = sourcecode.c.h; path = ViewController.h; sourceTree = "<group>"; };
		5E93665C200C4E0E003AB1C5 /* ViewController.m */ = {isa = PBXFileReference; lastKnownFileType = sourcecode.c.objc; path = ViewController.m; sourceTree = "<group>"; };
		5E93665F200C4E0E003AB1C5 /* Base */ = {isa = PBXFileReference; lastKnownFileType = file.storyboard; name = Base; path = Base.lproj/Main.storyboard; sourceTree = "<group>"; };
		5E936661200C4E0E003AB1C5 /* Assets.xcassets */ = {isa = PBXFileReference; lastKnownFileType = folder.assetcatalog; path = Assets.xcassets; sourceTree = "<group>"; };
		5E936664200C4E0E003AB1C5 /* Base */ = {isa = PBXFileReference; lastKnownFileType = file.storyboard; name = Base; path = Base.lproj/LaunchScreen.storyboard; sourceTree = "<group>"; };
		5E936666200C4E0E003AB1C5 /* Info.plist */ = {isa = PBXFileReference; lastKnownFileType = text.plist.xml; path = Info.plist; sourceTree = "<group>"; };
		5E936667200C4E0E003AB1C5 /* main.m */ = {isa = PBXFileReference; lastKnownFileType = sourcecode.c.objc; path = main.m; sourceTree = "<group>"; };
		5E93666D200C4E0E003AB1C5 /* JZT_ZDDSTests.xctest */ = {isa = PBXFileReference; explicitFileType = wrapper.cfbundle; includeInIndex = 0; path = JZT_ZDDSTests.xctest; sourceTree = BUILT_PRODUCTS_DIR; };
		5E936671200C4E0E003AB1C5 /* JZT_ZDDSTests.m */ = {isa = PBXFileReference; lastKnownFileType = sourcecode.c.objc; path = JZT_ZDDSTests.m; sourceTree = "<group>"; };
		5E936673200C4E0E003AB1C5 /* Info.plist */ = {isa = PBXFileReference; lastKnownFileType = text.plist.xml; path = Info.plist; sourceTree = "<group>"; };
		5E936678200C4E0E003AB1C5 /* JZT_ZDDSUITests.xctest */ = {isa = PBXFileReference; explicitFileType = wrapper.cfbundle; includeInIndex = 0; path = JZT_ZDDSUITests.xctest; sourceTree = BUILT_PRODUCTS_DIR; };
		5E93667C200C4E0E003AB1C5 /* JZT_ZDDSUITests.m */ = {isa = PBXFileReference; lastKnownFileType = sourcecode.c.objc; path = JZT_ZDDSUITests.m; sourceTree = "<group>"; };
		5E93667E200C4E0E003AB1C5 /* Info.plist */ = {isa = PBXFileReference; lastKnownFileType = text.plist.xml; path = Info.plist; sourceTree = "<group>"; };
		5E936696200C598B003AB1C5 /* CCBaseViewController.h */ = {isa = PBXFileReference; lastKnownFileType = sourcecode.c.h; path = CCBaseViewController.h; sourceTree = "<group>"; };
		5E936697200C598B003AB1C5 /* CCBaseViewController.m */ = {isa = PBXFileReference; lastKnownFileType = sourcecode.c.objc; path = CCBaseViewController.m; sourceTree = "<group>"; };
		5E936699200C59B0003AB1C5 /* CCButton.h */ = {isa = PBXFileReference; lastKnownFileType = sourcecode.c.h; path = CCButton.h; sourceTree = "<group>"; };
		5E93669A200C59B0003AB1C5 /* CCButton.m */ = {isa = PBXFileReference; lastKnownFileType = sourcecode.c.objc; path = CCButton.m; sourceTree = "<group>"; };
		5E93669C200C59C2003AB1C5 /* CCLabel.h */ = {isa = PBXFileReference; lastKnownFileType = sourcecode.c.h; path = CCLabel.h; sourceTree = "<group>"; };
		5E93669D200C59C2003AB1C5 /* CCLabel.m */ = {isa = PBXFileReference; lastKnownFileType = sourcecode.c.objc; path = CCLabel.m; sourceTree = "<group>"; };
		5E93669F200C5B3A003AB1C5 /* JZT-ZDDS.pch */ = {isa = PBXFileReference; lastKnownFileType = sourcecode.c.h; path = "JZT-ZDDS.pch"; sourceTree = "<group>"; };
		5E9366A2200C7C94003AB1C5 /* CCNavigationController.h */ = {isa = PBXFileReference; lastKnownFileType = sourcecode.c.h; path = CCNavigationController.h; sourceTree = "<group>"; };
		5E9366A3200C7C94003AB1C5 /* CCNavigationController.m */ = {isa = PBXFileReference; lastKnownFileType = sourcecode.c.objc; path = CCNavigationController.m; sourceTree = "<group>"; };
		5E9366A9200C8681003AB1C5 /* MainViewController.h */ = {isa = PBXFileReference; lastKnownFileType = sourcecode.c.h; path = MainViewController.h; sourceTree = "<group>"; };
		5E9366AA200C8681003AB1C5 /* MainViewController.m */ = {isa = PBXFileReference; lastKnownFileType = sourcecode.c.objc; path = MainViewController.m; sourceTree = "<group>"; };
		80AB211C2BD97CF6D93CF70C /* Pods-JZT_ZDDS.release.xcconfig */ = {isa = PBXFileReference; includeInIndex = 1; lastKnownFileType = text.xcconfig; name = "Pods-JZT_ZDDS.release.xcconfig"; path = "Pods/Target Support Files/Pods-JZT_ZDDS/Pods-JZT_ZDDS.release.xcconfig"; sourceTree = "<group>"; };
		99B4078D0D75C4A94341861A /* libPods-JZT_ZDDS.a */ = {isa = PBXFileReference; explicitFileType = archive.ar; includeInIndex = 0; path = "libPods-JZT_ZDDS.a"; sourceTree = BUILT_PRODUCTS_DIR; };
		E216AF09D18C0F11E92A44B5 /* libPods-JZT_ZDDSTests.a */ = {isa = PBXFileReference; explicitFileType = archive.ar; includeInIndex = 0; path = "libPods-JZT_ZDDSTests.a"; sourceTree = BUILT_PRODUCTS_DIR; };
		F0B75C8E6EAE0988A7657536 /* libPods-JZT_ZDDSUITests.a */ = {isa = PBXFileReference; explicitFileType = archive.ar; includeInIndex = 0; path = "libPods-JZT_ZDDSUITests.a"; sourceTree = BUILT_PRODUCTS_DIR; };
		F6C67240A2712D6250CD622D /* Pods-JZT_ZDDSUITests.release.xcconfig */ = {isa = PBXFileReference; includeInIndex = 1; lastKnownFileType = text.xcconfig; name = "Pods-JZT_ZDDSUITests.release.xcconfig"; path = "Pods/Target Support Files/Pods-JZT_ZDDSUITests/Pods-JZT_ZDDSUITests.release.xcconfig"; sourceTree = "<group>"; };
/* End PBXFileReference section */

/* Begin PBXFrameworksBuildPhase section */
		5E936652200C4E0E003AB1C5 /* Frameworks */ = {
			isa = PBXFrameworksBuildPhase;
			buildActionMask = 2147483647;
			files = (
				BF86C6EC76ACA7697B876BD9 /* libPods-JZT_ZDDS.a in Frameworks */,
			);
			runOnlyForDeploymentPostprocessing = 0;
		};
		5E93666A200C4E0E003AB1C5 /* Frameworks */ = {
			isa = PBXFrameworksBuildPhase;
			buildActionMask = 2147483647;
			files = (
				0C7175B4D56C346564787F24 /* libPods-JZT_ZDDSTests.a in Frameworks */,
			);
			runOnlyForDeploymentPostprocessing = 0;
		};
		5E936675200C4E0E003AB1C5 /* Frameworks */ = {
			isa = PBXFrameworksBuildPhase;
			buildActionMask = 2147483647;
			files = (
				B895F3785D7C39AF4B9442D0 /* libPods-JZT_ZDDSUITests.a in Frameworks */,
			);
			runOnlyForDeploymentPostprocessing = 0;
		};
/* End PBXFrameworksBuildPhase section */

/* Begin PBXGroup section */
		263269F9A29D424BC47407E8 /* Pods */ = {
			isa = PBXGroup;
			children = (
				10D09BE40F93165C24BC5EF3 /* Pods-JZT_ZDDS.debug.xcconfig */,
				80AB211C2BD97CF6D93CF70C /* Pods-JZT_ZDDS.release.xcconfig */,
				30E6893601E29B5AAEF7CCC8 /* Pods-JZT_ZDDSTests.debug.xcconfig */,
				0CD3D1AECF777E8678FDC09D /* Pods-JZT_ZDDSTests.release.xcconfig */,
				2F40ED7492377D5E1BFAC6F0 /* Pods-JZT_ZDDSUITests.debug.xcconfig */,
				F6C67240A2712D6250CD622D /* Pods-JZT_ZDDSUITests.release.xcconfig */,
			);
			name = Pods;
			sourceTree = "<group>";
		};
		5E93664C200C4E0D003AB1C5 = {
			isa = PBXGroup;
			children = (
				5E936657200C4E0E003AB1C5 /* JZT_ZDDS */,
				5E936670200C4E0E003AB1C5 /* JZT_ZDDSTests */,
				5E93667B200C4E0E003AB1C5 /* JZT_ZDDSUITests */,
				5E936656200C4E0E003AB1C5 /* Products */,
				263269F9A29D424BC47407E8 /* Pods */,
				657CCF1D2A53EF4A1E260722 /* Frameworks */,
			);
			sourceTree = "<group>";
		};
		5E936656200C4E0E003AB1C5 /* Products */ = {
			isa = PBXGroup;
			children = (
				5E936655200C4E0E003AB1C5 /* JZT_ZDDS.app */,
				5E93666D200C4E0E003AB1C5 /* JZT_ZDDSTests.xctest */,
				5E936678200C4E0E003AB1C5 /* JZT_ZDDSUITests.xctest */,
			);
			name = Products;
			sourceTree = "<group>";
		};
		5E936657200C4E0E003AB1C5 /* JZT_ZDDS */ = {
			isa = PBXGroup;
			children = (
				5E9366B2200C8A3B003AB1C5 /* Other */,
				5E9366B1200C8A1C003AB1C5 /* Libraries */,
				5E936690200C5857003AB1C5 /* Class */,
				5E936691200C5875003AB1C5 /* Sources */,
				5E93665E200C4E0E003AB1C5 /* Main.storyboard */,
				5E936661200C4E0E003AB1C5 /* Assets.xcassets */,
				5E936663200C4E0E003AB1C5 /* LaunchScreen.storyboard */,
				5E936666200C4E0E003AB1C5 /* Info.plist */,
				5E936667200C4E0E003AB1C5 /* main.m */,
				5E93669F200C5B3A003AB1C5 /* JZT-ZDDS.pch */,
			);
			path = JZT_ZDDS;
			sourceTree = "<group>";
		};
		5E936670200C4E0E003AB1C5 /* JZT_ZDDSTests */ = {
			isa = PBXGroup;
			children = (
				5E936671200C4E0E003AB1C5 /* JZT_ZDDSTests.m */,
				5E936673200C4E0E003AB1C5 /* Info.plist */,
			);
			path = JZT_ZDDSTests;
			sourceTree = "<group>";
		};
		5E93667B200C4E0E003AB1C5 /* JZT_ZDDSUITests */ = {
			isa = PBXGroup;
			children = (
				5E93667C200C4E0E003AB1C5 /* JZT_ZDDSUITests.m */,
				5E93667E200C4E0E003AB1C5 /* Info.plist */,
			);
			path = JZT_ZDDSUITests;
			sourceTree = "<group>";
		};
		5E936690200C5857003AB1C5 /* Class */ = {
			isa = PBXGroup;
			children = (
				5E9366AF200C89D3003AB1C5 /* Carts */,
				5E9366AE200C89B8003AB1C5 /* Orders */,
				5E9366AD200C89B0003AB1C5 /* Mine */,
				5E9366AC200C8731003AB1C5 /* Home */,
				5E936695200C5931003AB1C5 /* Base */,
			);
			path = Class;
			sourceTree = "<group>";
		};
		5E936691200C5875003AB1C5 /* Sources */ = {
			isa = PBXGroup;
			children = (
				5E9366B3200C8A90003AB1C5 /* Tools */,
				5E9366B0200C89EE003AB1C5 /* Config */,
				5E9366A5200C7D10003AB1C5 /* Category */,
			);
			path = Sources;
			sourceTree = "<group>";
		};
		5E936695200C5931003AB1C5 /* Base */ = {
			isa = PBXGroup;
			children = (
				5E9366A1200C5EA9003AB1C5 /* ViewControllers */,
				5E9366A0200C5E9D003AB1C5 /* Views */,
				5E9366A9200C8681003AB1C5 /* MainViewController.h */,
				5E9366AA200C8681003AB1C5 /* MainViewController.m */,
			);
			path = Base;
			sourceTree = "<group>";
		};
		5E9366A0200C5E9D003AB1C5 /* Views */ = {
			isa = PBXGroup;
			children = (
				5E936699200C59B0003AB1C5 /* CCButton.h */,
				5E93669A200C59B0003AB1C5 /* CCButton.m */,
				5E93669C200C59C2003AB1C5 /* CCLabel.h */,
				5E93669D200C59C2003AB1C5 /* CCLabel.m */,
			);
			path = Views;
			sourceTree = "<group>";
		};
		5E9366A1200C5EA9003AB1C5 /* ViewControllers */ = {
			isa = PBXGroup;
			children = (
				5E936696200C598B003AB1C5 /* CCBaseViewController.h */,
				5E936697200C598B003AB1C5 /* CCBaseViewController.m */,
				5E9366A2200C7C94003AB1C5 /* CCNavigationController.h */,
				5E9366A3200C7C94003AB1C5 /* CCNavigationController.m */,
			);
			path = ViewControllers;
			sourceTree = "<group>";
		};
		5E9366A5200C7D10003AB1C5 /* Category */ = {
			isa = PBXGroup;
			children = (
			);
			path = Category;
			sourceTree = "<group>";
		};
		5E9366AC200C8731003AB1C5 /* Home */ = {
			isa = PBXGroup;
			children = (
				5E9366B7200C91D0003AB1C5 /* Controllers */,
				5E9366B6200C91C3003AB1C5 /* ViewModels */,
				5E9366B5200C91BC003AB1C5 /* Models */,
				5E9366B4200C91B0003AB1C5 /* Views */,
			);
			path = Home;
			sourceTree = "<group>";
		};
		5E9366AD200C89B0003AB1C5 /* Mine */ = {
			isa = PBXGroup;
			children = (
				5E9366BB200C923D003AB1C5 /* Controllers */,
				5E9366BA200C922B003AB1C5 /* ViewModels */,
				5E9366B9200C9223003AB1C5 /* Models */,
				5E9366B8200C9219003AB1C5 /* Views */,
			);
			path = Mine;
			sourceTree = "<group>";
		};
		5E9366AE200C89B8003AB1C5 /* Orders */ = {
			isa = PBXGroup;
			children = (
				5E9366BF200C9261003AB1C5 /* Controllers */,
				5E9366BE200C925A003AB1C5 /* ViewModels */,
				5E9366BD200C9254003AB1C5 /* Models */,
				5E9366BC200C924D003AB1C5 /* Views */,
			);
			path = Orders;
			sourceTree = "<group>";
		};
		5E9366AF200C89D3003AB1C5 /* Carts */ = {
			isa = PBXGroup;
			children = (
				5E9366C3200C9296003AB1C5 /* Controllers */,
				5E9366C2200C928E003AB1C5 /* ViewModels */,
				5E9366C1200C9288003AB1C5 /* Models */,
				5E9366C0200C9281003AB1C5 /* Views */,
			);
			path = Carts;
			sourceTree = "<group>";
		};
		5E9366B0200C89EE003AB1C5 /* Config */ = {
			isa = PBXGroup;
			children = (
			);
			path = Config;
			sourceTree = "<group>";
		};
		5E9366B1200C8A1C003AB1C5 /* Libraries */ = {
			isa = PBXGroup;
			children = (
			);
			path = Libraries;
			sourceTree = "<group>";
		};
		5E9366B2200C8A3B003AB1C5 /* Other */ = {
			isa = PBXGroup;
			children = (
				5E936658200C4E0E003AB1C5 /* AppDelegate.h */,
				5E936659200C4E0E003AB1C5 /* AppDelegate.m */,
				5E93665B200C4E0E003AB1C5 /* ViewController.h */,
				5E93665C200C4E0E003AB1C5 /* ViewController.m */,
			);
			name = Other;
			sourceTree = "<group>";
		};
		5E9366B3200C8A90003AB1C5 /* Tools */ = {
			isa = PBXGroup;
			children = (
			);
			path = Tools;
			sourceTree = "<group>";
		};
		5E9366B4200C91B0003AB1C5 /* Views */ = {
			isa = PBXGroup;
			children = (
			);
			path = Views;
			sourceTree = "<group>";
		};
		5E9366B5200C91BC003AB1C5 /* Models */ = {
			isa = PBXGroup;
			children = (
			);
			path = Models;
			sourceTree = "<group>";
		};
		5E9366B6200C91C3003AB1C5 /* ViewModels */ = {
			isa = PBXGroup;
			children = (
			);
			path = ViewModels;
			sourceTree = "<group>";
		};
		5E9366B7200C91D0003AB1C5 /* Controllers */ = {
			isa = PBXGroup;
			children = (
			);
			path = Controllers;
			sourceTree = "<group>";
		};
		5E9366B8200C9219003AB1C5 /* Views */ = {
			isa = PBXGroup;
			children = (
			);
			path = Views;
			sourceTree = "<group>";
		};
		5E9366B9200C9223003AB1C5 /* Models */ = {
			isa = PBXGroup;
			children = (
			);
			path = Models;
			sourceTree = "<group>";
		};
		5E9366BA200C922B003AB1C5 /* ViewModels */ = {
			isa = PBXGroup;
			children = (
			);
			path = ViewModels;
			sourceTree = "<group>";
		};
		5E9366BB200C923D003AB1C5 /* Controllers */ = {
			isa = PBXGroup;
			children = (
			);
			path = Controllers;
			sourceTree = "<group>";
		};
		5E9366BC200C924D003AB1C5 /* Views */ = {
			isa = PBXGroup;
			children = (
			);
			path = Views;
			sourceTree = "<group>";
		};
		5E9366BD200C9254003AB1C5 /* Models */ = {
			isa = PBXGroup;
			children = (
			);
			path = Models;
			sourceTree = "<group>";
		};
		5E9366BE200C925A003AB1C5 /* ViewModels */ = {
			isa = PBXGroup;
			children = (
			);
			path = ViewModels;
			sourceTree = "<group>";
		};
		5E9366BF200C9261003AB1C5 /* Controllers */ = {
			isa = PBXGroup;
			children = (
			);
			path = Controllers;
			sourceTree = "<group>";
		};
		5E9366C0200C9281003AB1C5 /* Views */ = {
			isa = PBXGroup;
			children = (
			);
			path = Views;
			sourceTree = "<group>";
		};
		5E9366C1200C9288003AB1C5 /* Models */ = {
			isa = PBXGroup;
			children = (
			);
			path = Models;
			sourceTree = "<group>";
		};
		5E9366C2200C928E003AB1C5 /* ViewModels */ = {
			isa = PBXGroup;
			children = (
			);
			path = ViewModels;
			sourceTree = "<group>";
		};
		5E9366C3200C9296003AB1C5 /* Controllers */ = {
			isa = PBXGroup;
			children = (
			);
			path = Controllers;
			sourceTree = "<group>";
		};
		657CCF1D2A53EF4A1E260722 /* Frameworks */ = {
			isa = PBXGroup;
			children = (
				99B4078D0D75C4A94341861A /* libPods-JZT_ZDDS.a */,
				E216AF09D18C0F11E92A44B5 /* libPods-JZT_ZDDSTests.a */,
				F0B75C8E6EAE0988A7657536 /* libPods-JZT_ZDDSUITests.a */,
			);
			name = Frameworks;
			sourceTree = "<group>";
		};
/* End PBXGroup section */

/* Begin PBXNativeTarget section */
		5E936654200C4E0E003AB1C5 /* JZT_ZDDS */ = {
			isa = PBXNativeTarget;
			buildConfigurationList = 5E936681200C4E0E003AB1C5 /* Build configuration list for PBXNativeTarget "JZT_ZDDS" */;
			buildPhases = (
				2489AB09BA41E9381FF9F53F /* [CP] Check Pods Manifest.lock */,
				5E936651200C4E0E003AB1C5 /* Sources */,
				5E936652200C4E0E003AB1C5 /* Frameworks */,
				5E936653200C4E0E003AB1C5 /* Resources */,
				C4C6264B922471C07D2B6504 /* [CP] Embed Pods Frameworks */,
				A167C324B559F562E4A94A40 /* [CP] Copy Pods Resources */,
			);
			buildRules = (
			);
			dependencies = (
			);
			name = JZT_ZDDS;
			productName = JZT_ZDDS;
			productReference = 5E936655200C4E0E003AB1C5 /* JZT_ZDDS.app */;
			productType = "com.apple.product-type.application";
		};
		5E93666C200C4E0E003AB1C5 /* JZT_ZDDSTests */ = {
			isa = PBXNativeTarget;
			buildConfigurationList = 5E936684200C4E0E003AB1C5 /* Build configuration list for PBXNativeTarget "JZT_ZDDSTests" */;
			buildPhases = (
				1609F98CCB32FBEA3DF2B5EC /* [CP] Check Pods Manifest.lock */,
				5E936669200C4E0E003AB1C5 /* Sources */,
				5E93666A200C4E0E003AB1C5 /* Frameworks */,
				5E93666B200C4E0E003AB1C5 /* Resources */,
				447BD5437B5916538D257CDF /* [CP] Embed Pods Frameworks */,
				935EECD07BC983C472967CD0 /* [CP] Copy Pods Resources */,
			);
			buildRules = (
			);
			dependencies = (
				5E93666F200C4E0E003AB1C5 /* PBXTargetDependency */,
			);
			name = JZT_ZDDSTests;
			productName = JZT_ZDDSTests;
			productReference = 5E93666D200C4E0E003AB1C5 /* JZT_ZDDSTests.xctest */;
			productType = "com.apple.product-type.bundle.unit-test";
		};
		5E936677200C4E0E003AB1C5 /* JZT_ZDDSUITests */ = {
			isa = PBXNativeTarget;
			buildConfigurationList = 5E936687200C4E0E003AB1C5 /* Build configuration list for PBXNativeTarget "JZT_ZDDSUITests" */;
			buildPhases = (
				A1CD282B98982794CB998C71 /* [CP] Check Pods Manifest.lock */,
				5E936674200C4E0E003AB1C5 /* Sources */,
				5E936675200C4E0E003AB1C5 /* Frameworks */,
				5E936676200C4E0E003AB1C5 /* Resources */,
				B0353A10E74ABCAEE21CCF9C /* [CP] Embed Pods Frameworks */,
				B7B578FA28422251819A5ECC /* [CP] Copy Pods Resources */,
			);
			buildRules = (
			);
			dependencies = (
				5E93667A200C4E0E003AB1C5 /* PBXTargetDependency */,
			);
			name = JZT_ZDDSUITests;
			productName = JZT_ZDDSUITests;
			productReference = 5E936678200C4E0E003AB1C5 /* JZT_ZDDSUITests.xctest */;
			productType = "com.apple.product-type.bundle.ui-testing";
		};
/* End PBXNativeTarget section */

/* Begin PBXProject section */
		5E93664D200C4E0D003AB1C5 /* Project object */ = {
			isa = PBXProject;
			attributes = {
				LastUpgradeCheck = 0920;
				ORGANIZATIONNAME = jiuzhoutong;
				TargetAttributes = {
					5E936654200C4E0E003AB1C5 = {
						CreatedOnToolsVersion = 9.2;
						ProvisioningStyle = Automatic;
					};
					5E93666C200C4E0E003AB1C5 = {
						CreatedOnToolsVersion = 9.2;
						ProvisioningStyle = Automatic;
						TestTargetID = 5E936654200C4E0E003AB1C5;
					};
					5E936677200C4E0E003AB1C5 = {
						CreatedOnToolsVersion = 9.2;
						ProvisioningStyle = Automatic;
						TestTargetID = 5E936654200C4E0E003AB1C5;
					};
				};
			};
			buildConfigurationList = 5E936650200C4E0D003AB1C5 /* Build configuration list for PBXProject "JZT_ZDDS" */;
			compatibilityVersion = "Xcode 8.0";
			developmentRegion = en;
			hasScannedForEncodings = 0;
			knownRegions = (
				en,
				Base,
			);
			mainGroup = 5E93664C200C4E0D003AB1C5;
			productRefGroup = 5E936656200C4E0E003AB1C5 /* Products */;
			projectDirPath = "";
			projectRoot = "";
			targets = (
				5E936654200C4E0E003AB1C5 /* JZT_ZDDS */,
				5E93666C200C4E0E003AB1C5 /* JZT_ZDDSTests */,
				5E936677200C4E0E003AB1C5 /* JZT_ZDDSUITests */,
			);
		};
/* End PBXProject section */

/* Begin PBXResourcesBuildPhase section */
		5E936653200C4E0E003AB1C5 /* Resources */ = {
			isa = PBXResourcesBuildPhase;
			buildActionMask = 2147483647;
			files = (
				5E936665200C4E0E003AB1C5 /* LaunchScreen.storyboard in Resources */,
				5E936662200C4E0E003AB1C5 /* Assets.xcassets in Resources */,
				5E936660200C4E0E003AB1C5 /* Main.storyboard in Resources */,
			);
			runOnlyForDeploymentPostprocessing = 0;
		};
		5E93666B200C4E0E003AB1C5 /* Resources */ = {
			isa = PBXResourcesBuildPhase;
			buildActionMask = 2147483647;
			files = (
			);
			runOnlyForDeploymentPostprocessing = 0;
		};
		5E936676200C4E0E003AB1C5 /* Resources */ = {
			isa = PBXResourcesBuildPhase;
			buildActionMask = 2147483647;
			files = (
			);
			runOnlyForDeploymentPostprocessing = 0;
		};
/* End PBXResourcesBuildPhase section */

/* Begin PBXShellScriptBuildPhase section */
		1609F98CCB32FBEA3DF2B5EC /* [CP] Check Pods Manifest.lock */ = {
			isa = PBXShellScriptBuildPhase;
			buildActionMask = 2147483647;
			files = (
			);
			inputPaths = (
				"${PODS_PODFILE_DIR_PATH}/Podfile.lock",
				"${PODS_ROOT}/Manifest.lock",
			);
			name = "[CP] Check Pods Manifest.lock";
			outputPaths = (
				"$(DERIVED_FILE_DIR)/Pods-JZT_ZDDSTests-checkManifestLockResult.txt",
			);
			runOnlyForDeploymentPostprocessing = 0;
			shellPath = /bin/sh;
			shellScript = "diff \"${PODS_PODFILE_DIR_PATH}/Podfile.lock\" \"${PODS_ROOT}/Manifest.lock\" > /dev/null\nif [ $? != 0 ] ; then\n    # print error to STDERR\n    echo \"error: The sandbox is not in sync with the Podfile.lock. Run 'pod install' or update your CocoaPods installation.\" >&2\n    exit 1\nfi\n# This output is used by Xcode 'outputs' to avoid re-running this script phase.\necho \"SUCCESS\" > \"${SCRIPT_OUTPUT_FILE_0}\"\n";
			showEnvVarsInLog = 0;
		};
		2489AB09BA41E9381FF9F53F /* [CP] Check Pods Manifest.lock */ = {
			isa = PBXShellScriptBuildPhase;
			buildActionMask = 2147483647;
			files = (
			);
			inputPaths = (
				"${PODS_PODFILE_DIR_PATH}/Podfile.lock",
				"${PODS_ROOT}/Manifest.lock",
			);
			name = "[CP] Check Pods Manifest.lock";
			outputPaths = (
				"$(DERIVED_FILE_DIR)/Pods-JZT_ZDDS-checkManifestLockResult.txt",
			);
			runOnlyForDeploymentPostprocessing = 0;
			shellPath = /bin/sh;
			shellScript = "diff \"${PODS_PODFILE_DIR_PATH}/Podfile.lock\" \"${PODS_ROOT}/Manifest.lock\" > /dev/null\nif [ $? != 0 ] ; then\n    # print error to STDERR\n    echo \"error: The sandbox is not in sync with the Podfile.lock. Run 'pod install' or update your CocoaPods installation.\" >&2\n    exit 1\nfi\n# This output is used by Xcode 'outputs' to avoid re-running this script phase.\necho \"SUCCESS\" > \"${SCRIPT_OUTPUT_FILE_0}\"\n";
			showEnvVarsInLog = 0;
		};
		447BD5437B5916538D257CDF /* [CP] Embed Pods Frameworks */ = {
			isa = PBXShellScriptBuildPhase;
			buildActionMask = 2147483647;
			files = (
			);
			inputPaths = (
			);
			name = "[CP] Embed Pods Frameworks";
			outputPaths = (
			);
			runOnlyForDeploymentPostprocessing = 0;
			shellPath = /bin/sh;
			shellScript = "\"${SRCROOT}/Pods/Target Support Files/Pods-JZT_ZDDSTests/Pods-JZT_ZDDSTests-frameworks.sh\"\n";
			showEnvVarsInLog = 0;
		};
		935EECD07BC983C472967CD0 /* [CP] Copy Pods Resources */ = {
			isa = PBXShellScriptBuildPhase;
			buildActionMask = 2147483647;
			files = (
			);
			inputPaths = (
			);
			name = "[CP] Copy Pods Resources";
			outputPaths = (
			);
			runOnlyForDeploymentPostprocessing = 0;
			shellPath = /bin/sh;
			shellScript = "\"${SRCROOT}/Pods/Target Support Files/Pods-JZT_ZDDSTests/Pods-JZT_ZDDSTests-resources.sh\"\n";
			showEnvVarsInLog = 0;
		};
		A167C324B559F562E4A94A40 /* [CP] Copy Pods Resources */ = {
			isa = PBXShellScriptBuildPhase;
			buildActionMask = 2147483647;
			files = (
			);
			inputPaths = (
				"${SRCROOT}/Pods/Target Support Files/Pods-JZT_ZDDS/Pods-JZT_ZDDS-resources.sh",
				"${PODS_ROOT}/IQKeyboardManager/IQKeyboardManager/Resources/IQKeyboardManager.bundle",
				"${PODS_ROOT}/MJRefresh/MJRefresh/MJRefresh.bundle",
			);
			name = "[CP] Copy Pods Resources";
			outputPaths = (
				"${TARGET_BUILD_DIR}/${UNLOCALIZED_RESOURCES_FOLDER_PATH}",
			);
			runOnlyForDeploymentPostprocessing = 0;
			shellPath = /bin/sh;
			shellScript = "\"${SRCROOT}/Pods/Target Support Files/Pods-JZT_ZDDS/Pods-JZT_ZDDS-resources.sh\"\n";
			showEnvVarsInLog = 0;
		};
		A1CD282B98982794CB998C71 /* [CP] Check Pods Manifest.lock */ = {
			isa = PBXShellScriptBuildPhase;
			buildActionMask = 2147483647;
			files = (
			);
			inputPaths = (
				"${PODS_PODFILE_DIR_PATH}/Podfile.lock",
				"${PODS_ROOT}/Manifest.lock",
			);
			name = "[CP] Check Pods Manifest.lock";
			outputPaths = (
				"$(DERIVED_FILE_DIR)/Pods-JZT_ZDDSUITests-checkManifestLockResult.txt",
			);
			runOnlyForDeploymentPostprocessing = 0;
			shellPath = /bin/sh;
			shellScript = "diff \"${PODS_PODFILE_DIR_PATH}/Podfile.lock\" \"${PODS_ROOT}/Manifest.lock\" > /dev/null\nif [ $? != 0 ] ; then\n    # print error to STDERR\n    echo \"error: The sandbox is not in sync with the Podfile.lock. Run 'pod install' or update your CocoaPods installation.\" >&2\n    exit 1\nfi\n# This output is used by Xcode 'outputs' to avoid re-running this script phase.\necho \"SUCCESS\" > \"${SCRIPT_OUTPUT_FILE_0}\"\n";
			showEnvVarsInLog = 0;
		};
		B0353A10E74ABCAEE21CCF9C /* [CP] Embed Pods Frameworks */ = {
			isa = PBXShellScriptBuildPhase;
			buildActionMask = 2147483647;
			files = (
			);
			inputPaths = (
			);
			name = "[CP] Embed Pods Frameworks";
			outputPaths = (
			);
			runOnlyForDeploymentPostprocessing = 0;
			shellPath = /bin/sh;
			shellScript = "\"${SRCROOT}/Pods/Target Support Files/Pods-JZT_ZDDSUITests/Pods-JZT_ZDDSUITests-frameworks.sh\"\n";
			showEnvVarsInLog = 0;
		};
		B7B578FA28422251819A5ECC /* [CP] Copy Pods Resources */ = {
			isa = PBXShellScriptBuildPhase;
			buildActionMask = 2147483647;
			files = (
			);
			inputPaths = (
			);
			name = "[CP] Copy Pods Resources";
			outputPaths = (
			);
			runOnlyForDeploymentPostprocessing = 0;
			shellPath = /bin/sh;
			shellScript = "\"${SRCROOT}/Pods/Target Support Files/Pods-JZT_ZDDSUITests/Pods-JZT_ZDDSUITests-resources.sh\"\n";
			showEnvVarsInLog = 0;
		};
		C4C6264B922471C07D2B6504 /* [CP] Embed Pods Frameworks */ = {
			isa = PBXShellScriptBuildPhase;
			buildActionMask = 2147483647;
			files = (
			);
			inputPaths = (
			);
			name = "[CP] Embed Pods Frameworks";
			outputPaths = (
			);
			runOnlyForDeploymentPostprocessing = 0;
			shellPath = /bin/sh;
			shellScript = "\"${SRCROOT}/Pods/Target Support Files/Pods-JZT_ZDDS/Pods-JZT_ZDDS-frameworks.sh\"\n";
			showEnvVarsInLog = 0;
		};
/* End PBXShellScriptBuildPhase section */

/* Begin PBXSourcesBuildPhase section */
		5E936651200C4E0E003AB1C5 /* Sources */ = {
			isa = PBXSourcesBuildPhase;
			buildActionMask = 2147483647;
			files = (
				5E93669E200C59C2003AB1C5 /* CCLabel.m in Sources */,
				5E93665D200C4E0E003AB1C5 /* ViewController.m in Sources */,
				5E9366A4200C7C94003AB1C5 /* CCNavigationController.m in Sources */,
				5E9366AB200C8681003AB1C5 /* MainViewController.m in Sources */,
				5E93669B200C59B0003AB1C5 /* CCButton.m in Sources */,
				5E936698200C598B003AB1C5 /* CCBaseViewController.m in Sources */,
				5E936668200C4E0E003AB1C5 /* main.m in Sources */,
				5E93665A200C4E0E003AB1C5 /* AppDelegate.m in Sources */,
			);
			runOnlyForDeploymentPostprocessing = 0;
		};
		5E936669200C4E0E003AB1C5 /* Sources */ = {
			isa = PBXSourcesBuildPhase;
			buildActionMask = 2147483647;
			files = (
				5E936672200C4E0E003AB1C5 /* JZT_ZDDSTests.m in Sources */,
			);
			runOnlyForDeploymentPostprocessing = 0;
		};
		5E936674200C4E0E003AB1C5 /* Sources */ = {
			isa = PBXSourcesBuildPhase;
			buildActionMask = 2147483647;
			files = (
				5E93667D200C4E0E003AB1C5 /* JZT_ZDDSUITests.m in Sources */,
			);
			runOnlyForDeploymentPostprocessing = 0;
		};
/* End PBXSourcesBuildPhase section */

/* Begin PBXTargetDependency section */
		5E93666F200C4E0E003AB1C5 /* PBXTargetDependency */ = {
			isa = PBXTargetDependency;
			target = 5E936654200C4E0E003AB1C5 /* JZT_ZDDS */;
			targetProxy = 5E93666E200C4E0E003AB1C5 /* PBXContainerItemProxy */;
		};
		5E93667A200C4E0E003AB1C5 /* PBXTargetDependency */ = {
			isa = PBXTargetDependency;
			target = 5E936654200C4E0E003AB1C5 /* JZT_ZDDS */;
			targetProxy = 5E936679200C4E0E003AB1C5 /* PBXContainerItemProxy */;
		};
/* End PBXTargetDependency section */

/* Begin PBXVariantGroup section */
		5E93665E200C4E0E003AB1C5 /* Main.storyboard */ = {
			isa = PBXVariantGroup;
			children = (
				5E93665F200C4E0E003AB1C5 /* Base */,
			);
			name = Main.storyboard;
			sourceTree = "<group>";
		};
		5E936663200C4E0E003AB1C5 /* LaunchScreen.storyboard */ = {
			isa = PBXVariantGroup;
			children = (
				5E936664200C4E0E003AB1C5 /* Base */,
			);
			name = LaunchScreen.storyboard;
			sourceTree = "<group>";
		};
/* End PBXVariantGroup section */

/* Begin XCBuildConfiguration section */
		5E93667F200C4E0E003AB1C5 /* Debug */ = {
			isa = XCBuildConfiguration;
			buildSettings = {
				ALWAYS_SEARCH_USER_PATHS = NO;
				CLANG_ANALYZER_NONNULL = YES;
				CLANG_ANALYZER_NUMBER_OBJECT_CONVERSION = YES_AGGRESSIVE;
				CLANG_CXX_LANGUAGE_STANDARD = "gnu++14";
				CLANG_CXX_LIBRARY = "libc++";
				CLANG_ENABLE_MODULES = YES;
				CLANG_ENABLE_OBJC_ARC = YES;
				CLANG_WARN_BLOCK_CAPTURE_AUTORELEASING = YES;
				CLANG_WARN_BOOL_CONVERSION = YES;
				CLANG_WARN_COMMA = YES;
				CLANG_WARN_CONSTANT_CONVERSION = YES;
				CLANG_WARN_DIRECT_OBJC_ISA_USAGE = YES_ERROR;
				CLANG_WARN_DOCUMENTATION_COMMENTS = YES;
				CLANG_WARN_EMPTY_BODY = YES;
				CLANG_WARN_ENUM_CONVERSION = YES;
				CLANG_WARN_INFINITE_RECURSION = YES;
				CLANG_WARN_INT_CONVERSION = YES;
				CLANG_WARN_NON_LITERAL_NULL_CONVERSION = YES;
				CLANG_WARN_OBJC_LITERAL_CONVERSION = YES;
				CLANG_WARN_OBJC_ROOT_CLASS = YES_ERROR;
				CLANG_WARN_RANGE_LOOP_ANALYSIS = YES;
				CLANG_WARN_STRICT_PROTOTYPES = YES;
				CLANG_WARN_SUSPICIOUS_MOVE = YES;
				CLANG_WARN_UNGUARDED_AVAILABILITY = YES_AGGRESSIVE;
				CLANG_WARN_UNREACHABLE_CODE = YES;
				CLANG_WARN__DUPLICATE_METHOD_MATCH = YES;
				CODE_SIGN_IDENTITY = "iPhone Developer";
				COPY_PHASE_STRIP = NO;
				DEBUG_INFORMATION_FORMAT = dwarf;
				ENABLE_STRICT_OBJC_MSGSEND = YES;
				ENABLE_TESTABILITY = YES;
				GCC_C_LANGUAGE_STANDARD = gnu11;
				GCC_DYNAMIC_NO_PIC = NO;
				GCC_NO_COMMON_BLOCKS = YES;
				GCC_OPTIMIZATION_LEVEL = 0;
				GCC_PREPROCESSOR_DEFINITIONS = (
					"DEBUG=1",
					"$(inherited)",
				);
				GCC_WARN_64_TO_32_BIT_CONVERSION = YES;
				GCC_WARN_ABOUT_RETURN_TYPE = YES_ERROR;
				GCC_WARN_UNDECLARED_SELECTOR = YES;
				GCC_WARN_UNINITIALIZED_AUTOS = YES_AGGRESSIVE;
				GCC_WARN_UNUSED_FUNCTION = YES;
				GCC_WARN_UNUSED_VARIABLE = YES;
				IPHONEOS_DEPLOYMENT_TARGET = 11.2;
				MTL_ENABLE_DEBUG_INFO = YES;
				ONLY_ACTIVE_ARCH = YES;
				SDKROOT = iphoneos;
			};
			name = Debug;
		};
		5E936680200C4E0E003AB1C5 /* Release */ = {
			isa = XCBuildConfiguration;
			buildSettings = {
				ALWAYS_SEARCH_USER_PATHS = NO;
				CLANG_ANALYZER_NONNULL = YES;
				CLANG_ANALYZER_NUMBER_OBJECT_CONVERSION = YES_AGGRESSIVE;
				CLANG_CXX_LANGUAGE_STANDARD = "gnu++14";
				CLANG_CXX_LIBRARY = "libc++";
				CLANG_ENABLE_MODULES = YES;
				CLANG_ENABLE_OBJC_ARC = YES;
				CLANG_WARN_BLOCK_CAPTURE_AUTORELEASING = YES;
				CLANG_WARN_BOOL_CONVERSION = YES;
				CLANG_WARN_COMMA = YES;
				CLANG_WARN_CONSTANT_CONVERSION = YES;
				CLANG_WARN_DIRECT_OBJC_ISA_USAGE = YES_ERROR;
				CLANG_WARN_DOCUMENTATION_COMMENTS = YES;
				CLANG_WARN_EMPTY_BODY = YES;
				CLANG_WARN_ENUM_CONVERSION = YES;
				CLANG_WARN_INFINITE_RECURSION = YES;
				CLANG_WARN_INT_CONVERSION = YES;
				CLANG_WARN_NON_LITERAL_NULL_CONVERSION = YES;
				CLANG_WARN_OBJC_LITERAL_CONVERSION = YES;
				CLANG_WARN_OBJC_ROOT_CLASS = YES_ERROR;
				CLANG_WARN_RANGE_LOOP_ANALYSIS = YES;
				CLANG_WARN_STRICT_PROTOTYPES = YES;
				CLANG_WARN_SUSPICIOUS_MOVE = YES;
				CLANG_WARN_UNGUARDED_AVAILABILITY = YES_AGGRESSIVE;
				CLANG_WARN_UNREACHABLE_CODE = YES;
				CLANG_WARN__DUPLICATE_METHOD_MATCH = YES;
				CODE_SIGN_IDENTITY = "iPhone Developer";
				COPY_PHASE_STRIP = NO;
				DEBUG_INFORMATION_FORMAT = "dwarf-with-dsym";
				ENABLE_NS_ASSERTIONS = NO;
				ENABLE_STRICT_OBJC_MSGSEND = YES;
				GCC_C_LANGUAGE_STANDARD = gnu11;
				GCC_NO_COMMON_BLOCKS = YES;
				GCC_WARN_64_TO_32_BIT_CONVERSION = YES;
				GCC_WARN_ABOUT_RETURN_TYPE = YES_ERROR;
				GCC_WARN_UNDECLARED_SELECTOR = YES;
				GCC_WARN_UNINITIALIZED_AUTOS = YES_AGGRESSIVE;
				GCC_WARN_UNUSED_FUNCTION = YES;
				GCC_WARN_UNUSED_VARIABLE = YES;
				IPHONEOS_DEPLOYMENT_TARGET = 11.2;
				MTL_ENABLE_DEBUG_INFO = NO;
				SDKROOT = iphoneos;
				VALIDATE_PRODUCT = YES;
			};
			name = Release;
		};
		5E936682200C4E0E003AB1C5 /* Debug */ = {
			isa = XCBuildConfiguration;
			baseConfigurationReference = 10D09BE40F93165C24BC5EF3 /* Pods-JZT_ZDDS.debug.xcconfig */;
			buildSettings = {
				ASSETCATALOG_COMPILER_APPICON_NAME = AppIcon;
				CODE_SIGN_STYLE = Automatic;
				GCC_PRECOMPILE_PREFIX_HEADER = YES;
				GCC_PREFIX_HEADER = "$(SRCROOT)/JZT_ZDDS/JZT-ZDDS.pch";
				INFOPLIST_FILE = JZT_ZDDS/Info.plist;
				LD_RUNPATH_SEARCH_PATHS = "$(inherited) @executable_path/Frameworks";
				PRODUCT_BUNDLE_IDENTIFIER = "ash.JZT-ZDDS";
				PRODUCT_NAME = "$(TARGET_NAME)";
				TARGETED_DEVICE_FAMILY = "1,2";
			};
			name = Debug;
		};
		5E936683200C4E0E003AB1C5 /* Release */ = {
			isa = XCBuildConfiguration;
			baseConfigurationReference = 80AB211C2BD97CF6D93CF70C /* Pods-JZT_ZDDS.release.xcconfig */;
			buildSettings = {
				ASSETCATALOG_COMPILER_APPICON_NAME = AppIcon;
				CODE_SIGN_STYLE = Automatic;
				GCC_PRECOMPILE_PREFIX_HEADER = YES;
				GCC_PREFIX_HEADER = "$(SRCROOT)/JZT_ZDDS/JZT-ZDDS.pch";
				INFOPLIST_FILE = JZT_ZDDS/Info.plist;
				LD_RUNPATH_SEARCH_PATHS = "$(inherited) @executable_path/Frameworks";
				PRODUCT_BUNDLE_IDENTIFIER = "ash.JZT-ZDDS";
				PRODUCT_NAME = "$(TARGET_NAME)";
				TARGETED_DEVICE_FAMILY = "1,2";
			};
			name = Release;
		};
		5E936685200C4E0E003AB1C5 /* Debug */ = {
			isa = XCBuildConfiguration;
			baseConfigurationReference = 30E6893601E29B5AAEF7CCC8 /* Pods-JZT_ZDDSTests.debug.xcconfig */;
			buildSettings = {
				BUNDLE_LOADER = "$(TEST_HOST)";
				CODE_SIGN_STYLE = Automatic;
				INFOPLIST_FILE = JZT_ZDDSTests/Info.plist;
				LD_RUNPATH_SEARCH_PATHS = "$(inherited) @executable_path/Frameworks @loader_path/Frameworks";
				PRODUCT_BUNDLE_IDENTIFIER = "ash.JZT-ZDDSTests";
				PRODUCT_NAME = "$(TARGET_NAME)";
				TARGETED_DEVICE_FAMILY = "1,2";
				TEST_HOST = "$(BUILT_PRODUCTS_DIR)/JZT_ZDDS.app/JZT_ZDDS";
			};
			name = Debug;
		};
		5E936686200C4E0E003AB1C5 /* Release */ = {
			isa = XCBuildConfiguration;
			baseConfigurationReference = 0CD3D1AECF777E8678FDC09D /* Pods-JZT_ZDDSTests.release.xcconfig */;
			buildSettings = {
				BUNDLE_LOADER = "$(TEST_HOST)";
				CODE_SIGN_STYLE = Automatic;
				INFOPLIST_FILE = JZT_ZDDSTests/Info.plist;
				LD_RUNPATH_SEARCH_PATHS = "$(inherited) @executable_path/Frameworks @loader_path/Frameworks";
				PRODUCT_BUNDLE_IDENTIFIER = "ash.JZT-ZDDSTests";
				PRODUCT_NAME = "$(TARGET_NAME)";
				TARGETED_DEVICE_FAMILY = "1,2";
				TEST_HOST = "$(BUILT_PRODUCTS_DIR)/JZT_ZDDS.app/JZT_ZDDS";
			};
			name = Release;
		};
		5E936688200C4E0E003AB1C5 /* Debug */ = {
			isa = XCBuildConfiguration;
			baseConfigurationReference = 2F40ED7492377D5E1BFAC6F0 /* Pods-JZT_ZDDSUITests.debug.xcconfig */;
			buildSettings = {
				CODE_SIGN_STYLE = Automatic;
				INFOPLIST_FILE = JZT_ZDDSUITests/Info.plist;
				LD_RUNPATH_SEARCH_PATHS = "$(inherited) @executable_path/Frameworks @loader_path/Frameworks";
				PRODUCT_BUNDLE_IDENTIFIER = "ash.JZT-ZDDSUITests";
				PRODUCT_NAME = "$(TARGET_NAME)";
				TARGETED_DEVICE_FAMILY = "1,2";
				TEST_TARGET_NAME = JZT_ZDDS;
			};
			name = Debug;
		};
		5E936689200C4E0E003AB1C5 /* Release */ = {
			isa = XCBuildConfiguration;
			baseConfigurationReference = F6C67240A2712D6250CD622D /* Pods-JZT_ZDDSUITests.release.xcconfig */;
			buildSettings = {
				CODE_SIGN_STYLE = Automatic;
				INFOPLIST_FILE = JZT_ZDDSUITests/Info.plist;
				LD_RUNPATH_SEARCH_PATHS = "$(inherited) @executable_path/Frameworks @loader_path/Frameworks";
				PRODUCT_BUNDLE_IDENTIFIER = "ash.JZT-ZDDSUITests";
				PRODUCT_NAME = "$(TARGET_NAME)";
				TARGETED_DEVICE_FAMILY = "1,2";
				TEST_TARGET_NAME = JZT_ZDDS;
			};
			name = Release;
		};
/* End XCBuildConfiguration section */

/* Begin XCConfigurationList section */
		5E936650200C4E0D003AB1C5 /* Build configuration list for PBXProject "JZT_ZDDS" */ = {
			isa = XCConfigurationList;
			buildConfigurations = (
				5E93667F200C4E0E003AB1C5 /* Debug */,
				5E936680200C4E0E003AB1C5 /* Release */,
			);
			defaultConfigurationIsVisible = 0;
			defaultConfigurationName = Release;
		};
		5E936681200C4E0E003AB1C5 /* Build configuration list for PBXNativeTarget "JZT_ZDDS" */ = {
			isa = XCConfigurationList;
			buildConfigurations = (
				5E936682200C4E0E003AB1C5 /* Debug */,
				5E936683200C4E0E003AB1C5 /* Release */,
			);
			defaultConfigurationIsVisible = 0;
			defaultConfigurationName = Release;
		};
		5E936684200C4E0E003AB1C5 /* Build configuration list for PBXNativeTarget "JZT_ZDDSTests" */ = {
			isa = XCConfigurationList;
			buildConfigurations = (
				5E936685200C4E0E003AB1C5 /* Debug */,
				5E936686200C4E0E003AB1C5 /* Release */,
			);
			defaultConfigurationIsVisible = 0;
			defaultConfigurationName = Release;
		};
		5E936687200C4E0E003AB1C5 /* Build configuration list for PBXNativeTarget "JZT_ZDDSUITests" */ = {
			isa = XCConfigurationList;
			buildConfigurations = (
				5E936688200C4E0E003AB1C5 /* Debug */,
				5E936689200C4E0E003AB1C5 /* Release */,
			);
			defaultConfigurationIsVisible = 0;
			defaultConfigurationName = Release;
		};
/* End XCConfigurationList section */
	};
	rootObject = 5E93664D200C4E0D003AB1C5 /* Project object */;
}
